<?xml version="1.0" encoding="utf-8"?>
<Project ToolsVersion="4.0" xmlns="http://schemas.microsoft.com/developer/msbuild/2003">
  <ItemGroup>
    <Filter Include="Source Files">
      <UniqueIdentifier>{4FC737F1-C7A5-4376-A066-2A32D752A2FF}</UniqueIdentifier>
      <Extensions>cpp;c;cc;cxx;c++;cppm;ixx;def;odl;idl;hpj;bat;asm;asmx</Extensions>
    </Filter>
    <Filter Include="Header Files">
      <UniqueIdentifier>{93995380-89BD-4b04-88EB-625FBE52EBFB}</UniqueIdentifier>
      <Extensions>h;hh;hpp;hxx;h++;hm;inl;inc;ipp;xsd</Extensions>
    </Filter>
    <Filter Include="Resource Files">
      <UniqueIdentifier>{67DA6AB6-F800-4c08-8B7A-83BB121AAD01}</UniqueIdentifier>
      <Extensions>rc;ico;cur;bmp;dlg;rc2;rct;bin;rgs;gif;jpg;jpeg;jpe;resx;tiff;tif;png;wav;mfcribbon-ms</Extensions>
    </Filter>
    <Filter Include="Source Files\presenter">
      <UniqueIdentifier>{62295feb-654b-4280-bf3f-36e127fc5212}</UniqueIdentifier>
    </Filter>
    <Filter Include="Header Files\presenter">
      <UniqueIdentifier>{e5a982aa-2d82-4005-b429-898c2a65ec05}</UniqueIdentifier>
    </Filter>
    <Filter Include="Header Files\presenter\common">
      <UniqueIdentifier>{73852705-5899-43a6-bad7-768274c54a9b}</UniqueIdentifier>
    </Filter>
  </ItemGroup>
  <ItemGroup>
    <ClInclude Include="framework.h">
      <Filter>Header Files</Filter>
    </ClInclude>
    <ClInclude Include="..\include\ciWMFVideoPlayer.h">
      <Filter>Header Files</Filter>
    </ClInclude>
    <ClInclude Include="..\include\ciWMFVideoPlayerUtils.h">
      <Filter>Header Files</Filter>
    </ClInclude>
    <ClInclude Include="..\include\presenter\EVRPresenter.h">
      <Filter>Header Files\presenter</Filter>
    </ClInclude>
    <ClInclude Include="..\include\presenter\EVRPresenterUuid.h">
      <Filter>Header Files\presenter</Filter>
    </ClInclude>
    <ClInclude Include="..\include\presenter\PresentEngine.h">
      <Filter>Header Files\presenter</Filter>
    </ClInclude>
    <ClInclude Include="..\include\presenter\Presenter.h">
      <Filter>Header Files\presenter</Filter>
    </ClInclude>
    <ClInclude Include="..\include\presenter\PresenterHelpers.h">
      <Filter>Header Files\presenter</Filter>
    </ClInclude>
    <ClInclude Include="..\include\presenter\scheduler.h">
      <Filter>Header Files\presenter</Filter>
    </ClInclude>
    <ClInclude Include="..\include\presenter\common\AsyncCB.h">
      <Filter>Header Files\presenter\common</Filter>
    </ClInclude>
    <ClInclude Include="..\include\presenter\common\BufferLock.h">
      <Filter>Header Files\presenter\common</Filter>
    </ClInclude>
    <ClInclude Include="..\include\presenter\common\ClassFactory.h">
      <Filter>Header Files\presenter\common</Filter>
    </ClInclude>
    <ClInclude Include="..\include\presenter\common\common.h">
      <Filter>Header Files\presenter\common</Filter>
    </ClInclude>
    <ClInclude Include="..\include\presenter\common\critsec.h">
      <Filter>Header Files\presenter\common</Filter>
    </ClInclude>
    <ClInclude Include="..\include\presenter\common\GrowArray.h">
      <Filter>Header Files\presenter\common</Filter>
    </ClInclude>
    <ClInclude Include="..\include\presenter\common\linklist.h">
      <Filter>Header Files\presenter\common</Filter>
    </ClInclude>
    <ClInclude Include="..\include\presenter\common\logging.h">
      <Filter>Header Files\presenter\common</Filter>
    </ClInclude>
    <ClInclude Include="..\include\presenter\common\logmediatype.h">
      <Filter>Header Files\presenter\common</Filter>
    </ClInclude>
    <ClInclude Include="..\include\presenter\common\mediatype.h">
      <Filter>Header Files\presenter\common</Filter>
    </ClInclude>
    <ClInclude Include="..\include\presenter\common\mfutils.h">
      <Filter>Header Files\presenter\common</Filter>
    </ClInclude>
    <ClInclude Include="..\include\presenter\common\PropVar.h">
      <Filter>Header Files\presenter\common</Filter>
    </ClInclude>
    <ClInclude Include="..\include\presenter\common\registry.h">
      <Filter>Header Files\presenter\common</Filter>
    </ClInclude>
    <ClInclude Include="..\include\presenter\common\TinyMap.h">
      <Filter>Header Files\presenter\common</Filter>
    </ClInclude>
    <ClInclude Include="..\include\presenter\common\trace.h">
      <Filter>Header Files\presenter\common</Filter>
    </ClInclude>
  </ItemGroup>
  <ItemGroup>
    <ClCompile Include="cinder-wmfvideo.cpp">
      <Filter>Source Files</Filter>
    </ClCompile>
    <ClCompile Include="..\src\ciWMFVideoPlayer.cpp">
      <Filter>Source Files</Filter>
    </ClCompile>
    <ClCompile Include="..\src\ciWMFVideoPlayerUtils.cpp">
      <Filter>Source Files</Filter>
    </ClCompile>
    <ClCompile Include="..\src\presenter\PresentEngine.cpp">
      <Filter>Source Files\presenter</Filter>
    </ClCompile>
    <ClCompile Include="..\src\presenter\Presenter.cpp">
      <Filter>Source Files\presenter</Filter>
    </ClCompile>
    <ClCompile Include="..\src\presenter\PresenterHelpers.cpp">
      <Filter>Source Files\presenter</Filter>
    </ClCompile>
    <ClCompile Include="..\src\presenter\scheduler.cpp">
      <Filter>Source Files\presenter</Filter>
    </ClCompile>
  </ItemGroup>
</Project>